{
  "requires": true,
  "lockfileVersion": 1,
  "dependencies": {
    "ts-date": {
      "version": "2.3.0",
      "resolved": "https://registry.npmjs.org/ts-date/-/ts-date-2.3.0.tgz",
      "integrity": "sha512-resLEXEBSGVCB2xoSfqIRUapTCyq+9OwumXSKoWMp/QkvOvYkKC6B5oppxME4u4Ouq8tQJqxBL7/48P6dxyZqw=="
    }
  }
}
