{
  "requires": true,
  "lockfileVersion": 1,
  "dependencies": {
    "codemirror": {
      "version": "5.49.2",
      "resolved": "https://registry.npmjs.org/codemirror/-/codemirror-5.49.2.tgz",
      "integrity": "sha512-dwJ2HRPHm8w51WB5YTF9J7m6Z5dtkqbU9ntMZ1dqXyFB9IpjoUFDj80ahRVEoVanfIp6pfASJbOlbWdEf8FOzQ=="
    },
    "codemirror-spell-checker": {
      "version": "1.1.2",
      "resolved": "https://registry.npmjs.org/codemirror-spell-checker/-/codemirror-spell-checker-1.1.2.tgz",
      "integrity": "sha1-HGYPkIlIPMtRE7m6nKGcP0mTNx4=",
      "requires": {
        "typo-js": "*"
      }
    },
    "marked": {
      "version": "0.7.0",
      "resolved": "https://registry.npmjs.org/marked/-/marked-0.7.0.tgz",
      "integrity": "sha512-c+yYdCZJQrsRjTPhUx7VKkApw9bwDkNbHUKo1ovgcfDjb2kc8rLuRbIFyXL5WOEUwzSSKo3IXpph2K6DqB/KZg=="
    },
    "ngx-simplemde": {
      "version": "1.1.1",
      "resolved": "https://registry.npmjs.org/ngx-simplemde/-/ngx-simplemde-1.1.1.tgz",
      "integrity": "sha512-LLfrZ2hQ92WK19YXtWrsuE3viXQRd0TQ9FVdxupXrJ9/1IigyrC64kFYGyKxACIImL7NbEMu3lBTTpO/cBznPg==",
      "requires": {
        "simplemde-antd": "^1.0.0"
      }
    },
    "simplemde-antd": {
      "version": "1.0.0",
      "resolved": "https://registry.npmjs.org/simplemde-antd/-/simplemde-antd-1.0.0.tgz",
      "integrity": "sha512-bffElhQ4SPCgEatU5dzAga6ozQFvAvQkFU4a4RFESOWV4FBKXSK4Itlbdo3tl2dyy5MaGm5OGra1dLPD7ulAaw==",
      "requires": {
        "codemirror": "*",
        "codemirror-spell-checker": "*",
        "marked": "*"
      }
    },
    "ts-date": {
      "version": "2.3.0",
      "resolved": "https://registry.npmjs.org/ts-date/-/ts-date-2.3.0.tgz",
      "integrity": "sha512-resLEXEBSGVCB2xoSfqIRUapTCyq+9OwumXSKoWMp/QkvOvYkKC6B5oppxME4u4Ouq8tQJqxBL7/48P6dxyZqw=="
    },
    "typo-js": {
      "version": "1.1.0",
      "resolved": "https://registry.npmjs.org/typo-js/-/typo-js-1.1.0.tgz",
      "integrity": "sha512-W3kLbx+ML9PBl5Bzso/lTvVxk4BCveSNAtQeht59FEtxCdGThmn6wSHA4Xq3eQYAK24NHdisMM4JmsK0GFy/pg=="
    }
  }
}
